
Microsoft Visual Studio Solution File, Format Version 12.00
# Visual Studio Version 16
VisualStudioVersion = 16.0.31624.102
MinimumVisualStudioVersion = 10.0.40219.1
Project("{888888A0-9F3D-457C-B088-3A5042F75D52}") = "PersonalColab", "PersonalColab.pyproj", "{D54CAE35-A95F-4C50-8283-99C629C5773D}"
EndProject
Global
	GlobalSection(SolutionConfigurationPlatforms) = preSolution
		Debug|Any CPU = Debug|Any CPU
		Release|Any CPU = Release|Any CPU
	EndGlobalSection
	GlobalSection(ProjectConfigurationPlatforms) = postSolution
		{D54CAE35-A95F-4C50-8283-99C629C5773D}.Debug|Any CPU.ActiveCfg = Debug|Any CPU
		{D54CAE35-A95F-4C50-8283-99C629C5773D}.Release|Any CPU.ActiveCfg = Release|Any CPU
	EndGlobalSection
	GlobalSection(SolutionProperties) = preSolution
		HideSolutionNode = FALSE
	EndGlobalSection
	GlobalSection(ExtensibilityGlobals) = postSolution
		SolutionGuid = {84B2DC87-3424-47F3-9124-53EA9D95F50B}
	EndGlobalSection
EndGlobal
